
Microsoft Visual Studio Solution File, Format Version 12.00
# Visual Studio Version 17
VisualStudioVersion = 17.8.34330.188
MinimumVisualStudioVersion = 10.0.40219.1
Project("{FAE04EC0-301F-11D3-BF4B-00C04F79EFBC}") = "NoGrabDelay", "NoGrabDelay.csproj", "{5D68F5A6-EA19-4D8F-896E-196BDF9D4FAB}"
EndProject
Global
	GlobalSection(SolutionConfigurationPlatforms) = preSolution
		Debug|Any CPU = Debug|Any CPU
		Release|Any CPU = Release|Any CPU
	EndGlobalSection
	GlobalSection(ProjectConfigurationPlatforms) = postSolution
		{5D68F5A6-EA19-4D8F-896E-196BDF9D4FAB}.Debug|Any CPU.ActiveCfg = Debug|Any CPU
		{5D68F5A6-EA19-4D8F-896E-196BDF9D4FAB}.Debug|Any CPU.Build.0 = Debug|Any CPU
		{5D68F5A6-EA19-4D8F-896E-196BDF9D4FAB}.Release|Any CPU.ActiveCfg = Release|Any CPU
		{5D68F5A6-EA19-4D8F-896E-196BDF9D4FAB}.Release|Any CPU.Build.0 = Release|Any CPU
	EndGlobalSection
	GlobalSection(SolutionProperties) = preSolution
		HideSolutionNode = FALSE
	EndGlobalSection
	GlobalSection(ExtensibilityGlobals) = postSolution
		SolutionGuid = {CB61E92E-CA3B-440B-A6FE-FE4F07567326}
	EndGlobalSection
EndGlobal
